
Microsoft Visual Studio Solution File, Format Version 12.00
Project("{FAE04EC0-301F-11D3-BF4B-00C04F79EFBC}") = "Demo", "Demo\Demo.csproj", "{CC4098DE-CFBD-4549-898D-09D30CB73136}"
EndProject
Project("{FAE04EC0-301F-11D3-BF4B-00C04F79EFBC}") = "TripleTarget", "TripleTarget\TripleTarget.csproj", "{A555D43D-3B55-4C79-B3F1-7202D8D5363B}"
EndProject
Project("{FAE04EC0-301F-11D3-BF4B-00C04F79EFBC}") = "IntermediateStandard", "IntermediateStandard\IntermediateStandard.csproj", "{479253E0-4675-4AD4-8562-FCE6BF2F4C83}"
EndProject
Global
	GlobalSection(SolutionConfigurationPlatforms) = preSolution
		Debug|Any CPU = Debug|Any CPU
		Release|Any CPU = Release|Any CPU
	EndGlobalSection
	GlobalSection(ProjectConfigurationPlatforms) = postSolution
		{CC4098DE-CFBD-4549-898D-09D30CB73136}.Debug|Any CPU.ActiveCfg = Debug|Any CPU
		{CC4098DE-CFBD-4549-898D-09D30CB73136}.Debug|Any CPU.Build.0 = Debug|Any CPU
		{CC4098DE-CFBD-4549-898D-09D30CB73136}.Release|Any CPU.ActiveCfg = Release|Any CPU
		{CC4098DE-CFBD-4549-898D-09D30CB73136}.Release|Any CPU.Build.0 = Release|Any CPU
		{A555D43D-3B55-4C79-B3F1-7202D8D5363B}.Debug|Any CPU.ActiveCfg = Debug|Any CPU
		{A555D43D-3B55-4C79-B3F1-7202D8D5363B}.Debug|Any CPU.Build.0 = Debug|Any CPU
		{A555D43D-3B55-4C79-B3F1-7202D8D5363B}.Release|Any CPU.ActiveCfg = Release|Any CPU
		{A555D43D-3B55-4C79-B3F1-7202D8D5363B}.Release|Any CPU.Build.0 = Release|Any CPU
		{479253E0-4675-4AD4-8562-FCE6BF2F4C83}.Debug|Any CPU.ActiveCfg = Debug|Any CPU
		{479253E0-4675-4AD4-8562-FCE6BF2F4C83}.Debug|Any CPU.Build.0 = Debug|Any CPU
		{479253E0-4675-4AD4-8562-FCE6BF2F4C83}.Release|Any CPU.ActiveCfg = Release|Any CPU
		{479253E0-4675-4AD4-8562-FCE6BF2F4C83}.Release|Any CPU.Build.0 = Release|Any CPU
	EndGlobalSection
EndGlobal
